
Microsoft Visual Studio Solution File, Format Version 12.00
# Visual Studio Version 17
VisualStudioVersion = 17.7.34003.232
MinimumVisualStudioVersion = 10.0.40219.1
Project("{8BC9CEB8-8B4A-11D0-8D11-00A0C91BC942}") = "singly linked list", "singly linked list\singly linked list.vcxproj", "{D2CEC84B-ED75-4B70-8D25-98784A15F53F}"
EndProject
Global
	GlobalSection(SolutionConfigurationPlatforms) = preSolution
		Debug|x64 = Debug|x64
		Debug|x86 = Debug|x86
		Release|x64 = Release|x64
		Release|x86 = Release|x86
	EndGlobalSection
	GlobalSection(ProjectConfigurationPlatforms) = postSolution
		{D2CEC84B-ED75-4B70-8D25-98784A15F53F}.Debug|x64.ActiveCfg = Debug|x64
		{D2CEC84B-ED75-4B70-8D25-98784A15F53F}.Debug|x64.Build.0 = Debug|x64
		{D2CEC84B-ED75-4B70-8D25-98784A15F53F}.Debug|x86.ActiveCfg = Debug|Win32
		{D2CEC84B-ED75-4B70-8D25-98784A15F53F}.Debug|x86.Build.0 = Debug|Win32
		{D2CEC84B-ED75-4B70-8D25-98784A15F53F}.Release|x64.ActiveCfg = Release|x64
		{D2CEC84B-ED75-4B70-8D25-98784A15F53F}.Release|x64.Build.0 = Release|x64
		{D2CEC84B-ED75-4B70-8D25-98784A15F53F}.Release|x86.ActiveCfg = Release|Win32
		{D2CEC84B-ED75-4B70-8D25-98784A15F53F}.Release|x86.Build.0 = Release|Win32
	EndGlobalSection
	GlobalSection(SolutionProperties) = preSolution
		HideSolutionNode = FALSE
	EndGlobalSection
	GlobalSection(ExtensibilityGlobals) = postSolution
		SolutionGuid = {53FBC7B5-FF8F-4E14-91A2-FD15A30F4D70}
	EndGlobalSection
EndGlobal
