
Microsoft Visual Studio Solution File, Format Version 12.00
# Visual Studio Version 17
VisualStudioVersion = 17.7.34003.232
MinimumVisualStudioVersion = 10.0.40219.1
Project("{8BC9CEB8-8B4A-11D0-8D11-00A0C91BC942}") = "Move all negative number to the left side of an array", "Move all negative number to the left side of an array\Move all negative number to the left side of an array.vcxproj", "{4E928FAE-DFB4-433B-94E6-0F7BD125FB9F}"
EndProject
Global
	GlobalSection(SolutionConfigurationPlatforms) = preSolution
		Debug|x64 = Debug|x64
		Debug|x86 = Debug|x86
		Release|x64 = Release|x64
		Release|x86 = Release|x86
	EndGlobalSection
	GlobalSection(ProjectConfigurationPlatforms) = postSolution
		{4E928FAE-DFB4-433B-94E6-0F7BD125FB9F}.Debug|x64.ActiveCfg = Debug|x64
		{4E928FAE-DFB4-433B-94E6-0F7BD125FB9F}.Debug|x64.Build.0 = Debug|x64
		{4E928FAE-DFB4-433B-94E6-0F7BD125FB9F}.Debug|x86.ActiveCfg = Debug|Win32
		{4E928FAE-DFB4-433B-94E6-0F7BD125FB9F}.Debug|x86.Build.0 = Debug|Win32
		{4E928FAE-DFB4-433B-94E6-0F7BD125FB9F}.Release|x64.ActiveCfg = Release|x64
		{4E928FAE-DFB4-433B-94E6-0F7BD125FB9F}.Release|x64.Build.0 = Release|x64
		{4E928FAE-DFB4-433B-94E6-0F7BD125FB9F}.Release|x86.ActiveCfg = Release|Win32
		{4E928FAE-DFB4-433B-94E6-0F7BD125FB9F}.Release|x86.Build.0 = Release|Win32
	EndGlobalSection
	GlobalSection(SolutionProperties) = preSolution
		HideSolutionNode = FALSE
	EndGlobalSection
	GlobalSection(ExtensibilityGlobals) = postSolution
		SolutionGuid = {37796FE1-27AD-4FDB-9FED-14262FF56C7E}
	EndGlobalSection
EndGlobal
